// !$*UTF8*$!
{
	archiveVersion = 1;
	classes = {
	};
	objectVersion = 46;
	objects = {

/* Begin PBXBuildFile section */
		5852841E1D125EDE0063F50C /* main.c in Sources */ = {isa = PBXBuildFile; fileRef = 5852841D1D125EDE0063F50C /* main.c */; };
		585284261D125F140063F50C /* cs50.c in Sources */ = {isa = PBXBuildFile; fileRef = 585284251D125F140063F50C /* cs50.c */; };
/* End PBXBuildFile section */

/* Begin PBXCopyFilesBuildPhase section */
		585284181D125EDE0063F50C /* CopyFiles */ = {
			isa = PBXCopyFilesBuildPhase;
			buildActionMask = 2147483647;
			dstPath = /usr/share/man/man1/;
			dstSubfolderSpec = 0;
			files = (
			);
			runOnlyForDeploymentPostprocessing = 1;
		};
/* End PBXCopyFilesBuildPhase section */

/* Begin PBXFileReference section */
		5852841A1D125EDE0063F50C /* CS50BubbleSortAndSearch */ = {isa = PBXFileReference; explicitFileType = "compiled.mach-o.executable"; includeInIndex = 0; path = CS50BubbleSortAndSearch; sourceTree = BUILT_PRODUCTS_DIR; };
		5852841D1D125EDE0063F50C /* main.c */ = {isa = PBXFileReference; lastKnownFileType = sourcecode.c.c; path = main.c; sourceTree = "<group>"; };
		585284241D125F140063F50C /* cs50.h */ = {isa = PBXFileReference; fileEncoding = 4; lastKnownFileType = sourcecode.c.h; path = cs50.h; sourceTree = "<group>"; };
		585284251D125F140063F50C /* cs50.c */ = {isa = PBXFileReference; fileEncoding = 4; lastKnownFileType = sourcecode.c.c; path = cs50.c; sourceTree = "<group>"; };
/* End PBXFileReference section */

/* Begin PBXFrameworksBuildPhase section */
		585284171D125EDE0063F50C /* Frameworks */ = {
			isa = PBXFrameworksBuildPhase;
			buildActionMask = 2147483647;
			files = (
			);
			runOnlyForDeploymentPostprocessing = 0;
		};
/* End PBXFrameworksBuildPhase section */

/* Begin PBXGroup section */
		585284111D125EDE0063F50C = {
			isa = PBXGroup;
			children = (
				5852841C1D125EDE0063F50C /* CS50BubbleSortAndSearch */,
				5852841B1D125EDE0063F50C /* Products */,
			);
			sourceTree = "<group>";
		};
		5852841B1D125EDE0063F50C /* Products */ = {
			isa = PBXGroup;
			children = (
				5852841A1D125EDE0063F50C /* CS50BubbleSortAndSearch */,
			);
			name = Products;
			sourceTree = "<group>";
		};
		5852841C1D125EDE0063F50C /* CS50BubbleSortAndSearch */ = {
			isa = PBXGroup;
			children = (
				5852841D1D125EDE0063F50C /* main.c */,
				585284241D125F140063F50C /* cs50.h */,
				585284251D125F140063F50C /* cs50.c */,
			);
			path = CS50BubbleSortAndSearch;
			sourceTree = "<group>";
		};
/* End PBXGroup section */

/* Begin PBXNativeTarget section */
		585284191D125EDE0063F50C /* CS50BubbleSortAndSearch */ = {
			isa = PBXNativeTarget;
			buildConfigurationList = 585284211D125EDE0063F50C /* Build configuration list for PBXNativeTarget "CS50BubbleSortAndSearch" */;
			buildPhases = (
				585284161D125EDE0063F50C /* Sources */,
				585284171D125EDE0063F50C /* Frameworks */,
				585284181D125EDE0063F50C /* CopyFiles */,
			);
			buildRules = (
			);
			dependencies = (
			);
			name = CS50BubbleSortAndSearch;
			productName = CS50BubbleSortAndSearch;
			productReference = 5852841A1D125EDE0063F50C /* CS50BubbleSortAndSearch */;
			productType = "com.apple.product-type.tool";
		};
/* End PBXNativeTarget section */

/* Begin PBXProject section */
		585284121D125EDE0063F50C /* Project object */ = {
			isa = PBXProject;
			attributes = {
				LastUpgradeCheck = 0730;
				ORGANIZATIONNAME = "James Dylan Goldstein";
				TargetAttributes = {
					585284191D125EDE0063F50C = {
						CreatedOnToolsVersion = 7.3.1;
					};
				};
			};
			buildConfigurationList = 585284151D125EDE0063F50C /* Build configuration list for PBXProject "CS50BubbleSortAndSearch" */;
			compatibilityVersion = "Xcode 3.2";
			developmentRegion = English;
			hasScannedForEncodings = 0;
			knownRegions = (
				en,
			);
			mainGroup = 585284111D125EDE0063F50C;
			productRefGroup = 5852841B1D125EDE0063F50C /* Products */;
			projectDirPath = "";
			projectRoot = "";
			targets = (
				585284191D125EDE0063F50C /* CS50BubbleSortAndSearch */,
			);
		};
/* End PBXProject section */

/* Begin PBXSourcesBuildPhase section */
		585284161D125EDE0063F50C /* Sources */ = {
			isa = PBXSourcesBuildPhase;
			buildActionMask = 2147483647;
			files = (
				585284261D125F140063F50C /* cs50.c in Sources */,
				5852841E1D125EDE0063F50C /* main.c in Sources */,
			);
			runOnlyForDeploymentPostprocessing = 0;
		};
/* End PBXSourcesBuildPhase section */

/* Begin XCBuildConfiguration section */
		5852841F1D125EDE0063F50C /* Debug */ = {
			isa = XCBuildConfiguration;
			buildSettings = {
				ALWAYS_SEARCH_USER_PATHS = NO;
				CLANG_ANALYZER_NONNULL = YES;
				CLANG_CXX_LANGUAGE_STANDARD = "gnu++0x";
				CLANG_CXX_LIBRARY = "libc++";
				CLANG_ENABLE_MODULES = YES;
				CLANG_ENABLE_OBJC_ARC = YES;
				CLANG_WARN_BOOL_CONVERSION = YES;
				CLANG_WARN_CONSTANT_CONVERSION = YES;
				CLANG_WARN_DIRECT_OBJC_ISA_USAGE = YES_ERROR;
				CLANG_WARN_EMPTY_BODY = YES;
				CLANG_WARN_ENUM_CONVERSION = YES;
				CLANG_WARN_INT_CONVERSION = YES;
				CLANG_WARN_OBJC_ROOT_CLASS = YES_ERROR;
				CLANG_WARN_UNREACHABLE_CODE = YES;
				CLANG_WARN__DUPLICATE_METHOD_MATCH = YES;
				CODE_SIGN_IDENTITY = "-";
				COPY_PHASE_STRIP = NO;
				DEBUG_INFORMATION_FORMAT = dwarf;
				ENABLE_STRICT_OBJC_MSGSEND = YES;
				ENABLE_TESTABILITY = YES;
				GCC_C_LANGUAGE_STANDARD = gnu99;
				GCC_DYNAMIC_NO_PIC = NO;
				GCC_NO_COMMON_BLOCKS = YES;
				GCC_OPTIMIZATION_LEVEL = 0;
				GCC_PREPROCESSOR_DEFINITIONS = (
					"DEBUG=1",
					"$(inherited)",
				);
				GCC_WARN_64_TO_32_BIT_CONVERSION = YES;
				GCC_WARN_ABOUT_RETURN_TYPE = YES_ERROR;
				GCC_WARN_UNDECLARED_SELECTOR = YES;
				GCC_WARN_UNINITIALIZED_AUTOS = YES_AGGRESSIVE;
				GCC_WARN_UNUSED_FUNCTION = YES;
				GCC_WARN_UNUSED_VARIABLE = YES;
				MACOSX_DEPLOYMENT_TARGET = 10.11;
				MTL_ENABLE_DEBUG_INFO = YES;
				ONLY_ACTIVE_ARCH = YES;
				SDKROOT = macosx;
			};
			name = Debug;
		};
		585284201D125EDE0063F50C /* Release */ = {
			isa = XCBuildConfiguration;
			buildSettings = {
				ALWAYS_SEARCH_USER_PATHS = NO;
				CLANG_ANALYZER_NONNULL = YES;
				CLANG_CXX_LANGUAGE_STANDARD = "gnu++0x";
				CLANG_CXX_LIBRARY = "libc++";
				CLANG_ENABLE_MODULES = YES;
				CLANG_ENABLE_OBJC_ARC = YES;
				CLANG_WARN_BOOL_CONVERSION = YES;
				CLANG_WARN_CONSTANT_CONVERSION = YES;
				CLANG_WARN_DIRECT_OBJC_ISA_USAGE = YES_ERROR;
				CLANG_WARN_EMPTY_BODY = YES;
				CLANG_WARN_ENUM_CONVERSION = YES;
				CLANG_WARN_INT_CONVERSION = YES;
				CLANG_WARN_OBJC_ROOT_CLASS = YES_ERROR;
				CLANG_WARN_UNREACHABLE_CODE = YES;
				CLANG_WARN__DUPLICATE_METHOD_MATCH = YES;
				CODE_SIGN_IDENTITY = "-";
				COPY_PHASE_STRIP = NO;
				DEBUG_INFORMATION_FORMAT = "dwarf-with-dsym";
				ENABLE_NS_ASSERTIONS = NO;
				ENABLE_STRICT_OBJC_MSGSEND = YES;
				GCC_C_LANGUAGE_STANDARD = gnu99;
				GCC_NO_COMMON_BLOCKS = YES;
				GCC_WARN_64_TO_32_BIT_CONVERSION = YES;
				GCC_WARN_ABOUT_RETURN_TYPE = YES_ERROR;
				GCC_WARN_UNDECLARED_SELECTOR = YES;
				GCC_WARN_UNINITIALIZED_AUTOS = YES_AGGRESSIVE;
				GCC_WARN_UNUSED_FUNCTION = YES;
				GCC_WARN_UNUSED_VARIABLE = YES;
				MACOSX_DEPLOYMENT_TARGET = 10.11;
				MTL_ENABLE_DEBUG_INFO = NO;
				SDKROOT = macosx;
			};
			name = Release;
		};
		585284221D125EDE0063F50C /* Debug */ = {
			isa = XCBuildConfiguration;
			buildSettings = {
				PRODUCT_NAME = "$(TARGET_NAME)";
			};
			name = Debug;
		};
		585284231D125EDE0063F50C /* Release */ = {
			isa = XCBuildConfiguration;
			buildSettings = {
				PRODUCT_NAME = "$(TARGET_NAME)";
			};
			name = Release;
		};
/* End XCBuildConfiguration section */

/* Begin XCConfigurationList section */
		585284151D125EDE0063F50C /* Build configuration list for PBXProject "CS50BubbleSortAndSearch" */ = {
			isa = XCConfigurationList;
			buildConfigurations = (
				5852841F1D125EDE0063F50C /* Debug */,
				585284201D125EDE0063F50C /* Release */,
			);
			defaultConfigurationIsVisible = 0;
			defaultConfigurationName = Release;
		};
		585284211D125EDE0063F50C /* Build configuration list for PBXNativeTarget "CS50BubbleSortAndSearch" */ = {
			isa = XCConfigurationList;
			buildConfigurations = (
				585284221D125EDE0063F50C /* Debug */,
				585284231D125EDE0063F50C /* Release */,
			);
			defaultConfigurationIsVisible = 0;
		};
/* End XCConfigurationList section */
	};
	rootObject = 585284121D125EDE0063F50C /* Project object */;
}
